<Solution>
  <Project Path="Abg.Data.Tests/Abg.Data.Tests.csproj" />
  <Project Path="Abg.Data/Abg.Data.csproj" />
  <Project Path="Abg.Domain.Tests/Abg.Domain.Tests.csproj" />
  <Project Path="Abg.Domain/Abg.Domain.csproj" />
  <Project Path="Abg.Seeder.Tests/Abg.Seeder.Tests.csproj" />
  <Project Path="Abg.Seeder/Abg.Seeder.csproj" />
  <Project Path="FunctionApp1.Tests/FunctionApp1.Tests.csproj" />
  <Project Path="FunctionApp1/FunctionApp1.csproj" />
</Solution>
